# This file is autogenerated, do not edit; changes may be undone by the next 'dep ensure'.


[[projects]]
  name = "github.com/husl-colors/husl-go"
  packages = ["."]
  revision = "a29f6990a3be79fefb4470f2a0b9a4d076949577"
  version = "v2.0.0"

[[projects]]
  branch = "master"
  name = "github.com/omniscale/magnacarto"
  packages = ["color","mss"]
  revision = "ae86abf88da61fe4b198cdc0c77f09b30c6be49c"

[[projects]]
  name = "github.com/pkg/errors"
  packages = ["."]
  revision = "645ef00459ed84a119197bfb8d8205042c6df63d"
  version = "v0.8.0"

[solve-meta]
  analyzer-name = "dep"
  analyzer-version = 1
  inputs-digest = "e4af1f73a849ea9029daf3737645548297a79775e89fb186baf5004b226bae88"
  solver-name = "gps-cdcl"
  solver-version = 1
